
Microsoft Visual Studio Solution File, Format Version 12.00
# Visual Studio Version 17
VisualStudioVersion = 17.5.002.0
MinimumVisualStudioVersion = 10.0.40219.1
Project("{9A19103F-16F7-4668-BE54-9A1E7A4F7556}") = "EF db", "EF db.csproj", "{24E58792-FF0E-4FA2-822F-CCAA34329269}"
EndProject
Global
	GlobalSection(SolutionConfigurationPlatforms) = preSolution
		Debug|Any CPU = Debug|Any CPU
		Release|Any CPU = Release|Any CPU
	EndGlobalSection
	GlobalSection(ProjectConfigurationPlatforms) = postSolution
		{24E58792-FF0E-4FA2-822F-CCAA34329269}.Debug|Any CPU.ActiveCfg = Debug|Any CPU
		{24E58792-FF0E-4FA2-822F-CCAA34329269}.Debug|Any CPU.Build.0 = Debug|Any CPU
		{24E58792-FF0E-4FA2-822F-CCAA34329269}.Release|Any CPU.ActiveCfg = Release|Any CPU
		{24E58792-FF0E-4FA2-822F-CCAA34329269}.Release|Any CPU.Build.0 = Release|Any CPU
	EndGlobalSection
	GlobalSection(SolutionProperties) = preSolution
		HideSolutionNode = FALSE
	EndGlobalSection
	GlobalSection(ExtensibilityGlobals) = postSolution
		SolutionGuid = {EDA4547D-0047-40D9-AAA8-13C934CEBA8E}
	EndGlobalSection
EndGlobal
